{
  "requires": true,
  "lockfileVersion": 1,
  "dependencies": {
    "gmail-js": {
      "version": "0.6.10",
      "resolved": "https://registry.npmjs.org/gmail-js/-/gmail-js-0.6.10.tgz",
      "integrity": "sha1-MZzrITuP912BYWyWn7fOgdy1rWc=",
      "requires": {
        "jquery": "1.12.4"
      }
    },
    "jquery": {
      "version": "1.12.4",
      "resolved": "https://registry.npmjs.org/jquery/-/jquery-1.12.4.tgz",
      "integrity": "sha1-AeHfuikP5z3rp3zurLD5ui/sngw="
    }
  }
}
